
Microsoft Visual Studio Solution File, Format Version 12.00
# Visual Studio Version 16
VisualStudioVersion = 16.0.31911.196
MinimumVisualStudioVersion = 10.0.40219.1
Project("{9A19103F-16F7-4668-BE54-9A1E7A4F7556}") = "LM.Data", "LM.Data\LM.Data.csproj", "{A013C4EB-BC4D-4084-91B4-B89DC0F4C102}"
EndProject
Project("{9A19103F-16F7-4668-BE54-9A1E7A4F7556}") = "LM.Repositories", "LM.Repositories\LM.Repositories.csproj", "{73E7280D-C1B7-4566-9D7F-938BE511AE2B}"
EndProject
Project("{9A19103F-16F7-4668-BE54-9A1E7A4F7556}") = "LM.ApplicationServices", "LM.ApplicationServices\LM.ApplicationServices.csproj", "{1B6354A9-2626-4D4D-80FC-DAF173BA1B74}"
EndProject
Project("{9A19103F-16F7-4668-BE54-9A1E7A4F7556}") = "LM.WebServices", "LM.WebServices\LM.WebServices.csproj", "{CECA336F-B683-4043-BD6A-08958D8FAE52}"
EndProject
Project("{9A19103F-16F7-4668-BE54-9A1E7A4F7556}") = "LM.WebSite", "LM.WebSite\LM.WebSite.csproj", "{EF17774F-E2ED-4F0C-85A5-416675EBEA99}"
EndProject
Global
	GlobalSection(SolutionConfigurationPlatforms) = preSolution
		Debug|Any CPU = Debug|Any CPU
		Release|Any CPU = Release|Any CPU
	EndGlobalSection
	GlobalSection(ProjectConfigurationPlatforms) = postSolution
		{A013C4EB-BC4D-4084-91B4-B89DC0F4C102}.Debug|Any CPU.ActiveCfg = Debug|Any CPU
		{A013C4EB-BC4D-4084-91B4-B89DC0F4C102}.Debug|Any CPU.Build.0 = Debug|Any CPU
		{A013C4EB-BC4D-4084-91B4-B89DC0F4C102}.Release|Any CPU.ActiveCfg = Release|Any CPU
		{A013C4EB-BC4D-4084-91B4-B89DC0F4C102}.Release|Any CPU.Build.0 = Release|Any CPU
		{73E7280D-C1B7-4566-9D7F-938BE511AE2B}.Debug|Any CPU.ActiveCfg = Debug|Any CPU
		{73E7280D-C1B7-4566-9D7F-938BE511AE2B}.Debug|Any CPU.Build.0 = Debug|Any CPU
		{73E7280D-C1B7-4566-9D7F-938BE511AE2B}.Release|Any CPU.ActiveCfg = Release|Any CPU
		{73E7280D-C1B7-4566-9D7F-938BE511AE2B}.Release|Any CPU.Build.0 = Release|Any CPU
		{1B6354A9-2626-4D4D-80FC-DAF173BA1B74}.Debug|Any CPU.ActiveCfg = Debug|Any CPU
		{1B6354A9-2626-4D4D-80FC-DAF173BA1B74}.Debug|Any CPU.Build.0 = Debug|Any CPU
		{1B6354A9-2626-4D4D-80FC-DAF173BA1B74}.Release|Any CPU.ActiveCfg = Release|Any CPU
		{1B6354A9-2626-4D4D-80FC-DAF173BA1B74}.Release|Any CPU.Build.0 = Release|Any CPU
		{CECA336F-B683-4043-BD6A-08958D8FAE52}.Debug|Any CPU.ActiveCfg = Debug|Any CPU
		{CECA336F-B683-4043-BD6A-08958D8FAE52}.Debug|Any CPU.Build.0 = Debug|Any CPU
		{CECA336F-B683-4043-BD6A-08958D8FAE52}.Release|Any CPU.ActiveCfg = Release|Any CPU
		{CECA336F-B683-4043-BD6A-08958D8FAE52}.Release|Any CPU.Build.0 = Release|Any CPU
		{EF17774F-E2ED-4F0C-85A5-416675EBEA99}.Debug|Any CPU.ActiveCfg = Debug|Any CPU
		{EF17774F-E2ED-4F0C-85A5-416675EBEA99}.Debug|Any CPU.Build.0 = Debug|Any CPU
		{EF17774F-E2ED-4F0C-85A5-416675EBEA99}.Release|Any CPU.ActiveCfg = Release|Any CPU
		{EF17774F-E2ED-4F0C-85A5-416675EBEA99}.Release|Any CPU.Build.0 = Release|Any CPU
	EndGlobalSection
	GlobalSection(SolutionProperties) = preSolution
		HideSolutionNode = FALSE
	EndGlobalSection
	GlobalSection(ExtensibilityGlobals) = postSolution
		SolutionGuid = {65BCF6A3-BEA3-498E-A227-75090B0761C5}
	EndGlobalSection
EndGlobal
