
Microsoft Visual Studio Solution File, Format Version 12.00
# Visual Studio 15
VisualStudioVersion = 15.0.27703.2042
MinimumVisualStudioVersion = 10.0.40219.1
Project("{FAE04EC0-301F-11D3-BF4B-00C04F79EFBC}") = "TM.WebServices", "TM.WebServices\TM.WebServices.csproj", "{99ED3721-C81E-4207-90D9-A4391191675F}"
EndProject
Project("{FAE04EC0-301F-11D3-BF4B-00C04F79EFBC}") = "TM.Data", "TM.Data\TM.Data.csproj", "{1ED6F849-6500-4F3B-BFE1-CB14DED7150B}"
EndProject
Project("{FAE04EC0-301F-11D3-BF4B-00C04F79EFBC}") = "TM.Repositories", "TM.Repositories\TM.Repositories.csproj", "{BF1208E6-1D4E-4709-B560-186BBA5BB6F1}"
EndProject
Project("{FAE04EC0-301F-11D3-BF4B-00C04F79EFBC}") = "TM.ApplicationServices", "TM.ApplicationServices\TM.ApplicationServices.csproj", "{C15E5877-58F7-4757-9A79-B0BF66AA09B8}"
EndProject
Global
	GlobalSection(SolutionConfigurationPlatforms) = preSolution
		Debug|Any CPU = Debug|Any CPU
		Release|Any CPU = Release|Any CPU
	EndGlobalSection
	GlobalSection(ProjectConfigurationPlatforms) = postSolution
		{99ED3721-C81E-4207-90D9-A4391191675F}.Debug|Any CPU.ActiveCfg = Debug|Any CPU
		{99ED3721-C81E-4207-90D9-A4391191675F}.Debug|Any CPU.Build.0 = Debug|Any CPU
		{99ED3721-C81E-4207-90D9-A4391191675F}.Release|Any CPU.ActiveCfg = Release|Any CPU
		{99ED3721-C81E-4207-90D9-A4391191675F}.Release|Any CPU.Build.0 = Release|Any CPU
		{1ED6F849-6500-4F3B-BFE1-CB14DED7150B}.Debug|Any CPU.ActiveCfg = Debug|Any CPU
		{1ED6F849-6500-4F3B-BFE1-CB14DED7150B}.Debug|Any CPU.Build.0 = Debug|Any CPU
		{1ED6F849-6500-4F3B-BFE1-CB14DED7150B}.Release|Any CPU.ActiveCfg = Release|Any CPU
		{1ED6F849-6500-4F3B-BFE1-CB14DED7150B}.Release|Any CPU.Build.0 = Release|Any CPU
		{BF1208E6-1D4E-4709-B560-186BBA5BB6F1}.Debug|Any CPU.ActiveCfg = Debug|Any CPU
		{BF1208E6-1D4E-4709-B560-186BBA5BB6F1}.Debug|Any CPU.Build.0 = Debug|Any CPU
		{BF1208E6-1D4E-4709-B560-186BBA5BB6F1}.Release|Any CPU.ActiveCfg = Release|Any CPU
		{BF1208E6-1D4E-4709-B560-186BBA5BB6F1}.Release|Any CPU.Build.0 = Release|Any CPU
		{C15E5877-58F7-4757-9A79-B0BF66AA09B8}.Debug|Any CPU.ActiveCfg = Debug|Any CPU
		{C15E5877-58F7-4757-9A79-B0BF66AA09B8}.Debug|Any CPU.Build.0 = Debug|Any CPU
		{C15E5877-58F7-4757-9A79-B0BF66AA09B8}.Release|Any CPU.ActiveCfg = Release|Any CPU
		{C15E5877-58F7-4757-9A79-B0BF66AA09B8}.Release|Any CPU.Build.0 = Release|Any CPU
	EndGlobalSection
	GlobalSection(SolutionProperties) = preSolution
		HideSolutionNode = FALSE
	EndGlobalSection
	GlobalSection(ExtensibilityGlobals) = postSolution
		SolutionGuid = {8877C5B8-4CDC-4232-AA1C-6E650F7F7E5B}
	EndGlobalSection
EndGlobal
